// !$*UTF8*$!
{
	archiveVersion = 1;
	classes = {
	};
	objectVersion = 56;
	objects = {

/* Begin PBXBuildFile section */
		7DF1A4E8D4273A829B847620 /* libPods-BitcoinDemo.a in Frameworks */ = {isa = PBXBuildFile; fileRef = 679471D7D21AA01FA0F7073B /* libPods-BitcoinDemo.a */; };
		EF7491332C35C36D00FF6AD9 /* AppDelegate.swift in Sources */ = {isa = PBXBuildFile; fileRef = EF7491322C35C36D00FF6AD9 /* AppDelegate.swift */; };
		EF7491352C35C36D00FF6AD9 /* SceneDelegate.swift in Sources */ = {isa = PBXBuildFile; fileRef = EF7491342C35C36D00FF6AD9 /* SceneDelegate.swift */; };
		EF7491372C35C36D00FF6AD9 /* ViewController.swift in Sources */ = {isa = PBXBuildFile; fileRef = EF7491362C35C36D00FF6AD9 /* ViewController.swift */; };
		EF74913A2C35C36D00FF6AD9 /* Main.storyboard in Resources */ = {isa = PBXBuildFile; fileRef = EF7491382C35C36D00FF6AD9 /* Main.storyboard */; };
		EF74913C2C35C36F00FF6AD9 /* Assets.xcassets in Resources */ = {isa = PBXBuildFile; fileRef = EF74913B2C35C36F00FF6AD9 /* Assets.xcassets */; };
		EF74913F2C35C36F00FF6AD9 /* LaunchScreen.storyboard in Resources */ = {isa = PBXBuildFile; fileRef = EF74913D2C35C36F00FF6AD9 /* LaunchScreen.storyboard */; };
		EF7491472C35C47400FF6AD9 /* ImportAccountFromMnemonicViewController.swift in Sources */ = {isa = PBXBuildFile; fileRef = EF7491462C35C47400FF6AD9 /* ImportAccountFromMnemonicViewController.swift */; };
		EF7491492C35C4E400FF6AD9 /* CreateAccountViewController.swift in Sources */ = {isa = PBXBuildFile; fileRef = EF7491482C35C4E400FF6AD9 /* CreateAccountViewController.swift */; };
		EF74914B2C35C4FF00FF6AD9 /* TransferViewController.swift in Sources */ = {isa = PBXBuildFile; fileRef = EF74914A2C35C4FF00FF6AD9 /* TransferViewController.swift */; };
		EF74914D2C35C57900FF6AD9 /* ImportAccountFromPrivateKeyViewController.swift in Sources */ = {isa = PBXBuildFile; fileRef = EF74914C2C35C57900FF6AD9 /* ImportAccountFromPrivateKeyViewController.swift */; };
		EF74914F2C35C5A600FF6AD9 /* FeeEstimateViewController.swift in Sources */ = {isa = PBXBuildFile; fileRef = EF74914E2C35C5A600FF6AD9 /* FeeEstimateViewController.swift */; };
		EF7491512C35C6F000FF6AD9 /* GetBalanceViewController.swift in Sources */ = {isa = PBXBuildFile; fileRef = EF7491502C35C6F000FF6AD9 /* GetBalanceViewController.swift */; };
/* End PBXBuildFile section */

/* Begin PBXFileReference section */
		0430FBC98F7900EE610CD9BB /* Pods-BitcoinDemo.release.xcconfig */ = {isa = PBXFileReference; includeInIndex = 1; lastKnownFileType = text.xcconfig; name = "Pods-BitcoinDemo.release.xcconfig"; path = "Target Support Files/Pods-BitcoinDemo/Pods-BitcoinDemo.release.xcconfig"; sourceTree = "<group>"; };
		679471D7D21AA01FA0F7073B /* libPods-BitcoinDemo.a */ = {isa = PBXFileReference; explicitFileType = archive.ar; includeInIndex = 0; path = "libPods-BitcoinDemo.a"; sourceTree = BUILT_PRODUCTS_DIR; };
		EF74912F2C35C36D00FF6AD9 /* BitcoinDemo.app */ = {isa = PBXFileReference; explicitFileType = wrapper.application; includeInIndex = 0; path = BitcoinDemo.app; sourceTree = BUILT_PRODUCTS_DIR; };
		EF7491322C35C36D00FF6AD9 /* AppDelegate.swift */ = {isa = PBXFileReference; lastKnownFileType = sourcecode.swift; path = AppDelegate.swift; sourceTree = "<group>"; };
		EF7491342C35C36D00FF6AD9 /* SceneDelegate.swift */ = {isa = PBXFileReference; lastKnownFileType = sourcecode.swift; path = SceneDelegate.swift; sourceTree = "<group>"; };
		EF7491362C35C36D00FF6AD9 /* ViewController.swift */ = {isa = PBXFileReference; lastKnownFileType = sourcecode.swift; path = ViewController.swift; sourceTree = "<group>"; };
		EF7491392C35C36D00FF6AD9 /* Base */ = {isa = PBXFileReference; lastKnownFileType = file.storyboard; name = Base; path = Base.lproj/Main.storyboard; sourceTree = "<group>"; };
		EF74913B2C35C36F00FF6AD9 /* Assets.xcassets */ = {isa = PBXFileReference; lastKnownFileType = folder.assetcatalog; path = Assets.xcassets; sourceTree = "<group>"; };
		EF74913E2C35C36F00FF6AD9 /* Base */ = {isa = PBXFileReference; lastKnownFileType = file.storyboard; name = Base; path = Base.lproj/LaunchScreen.storyboard; sourceTree = "<group>"; };
		EF7491402C35C36F00FF6AD9 /* Info.plist */ = {isa = PBXFileReference; lastKnownFileType = text.plist.xml; path = Info.plist; sourceTree = "<group>"; };
		EF7491462C35C47400FF6AD9 /* ImportAccountFromMnemonicViewController.swift */ = {isa = PBXFileReference; lastKnownFileType = sourcecode.swift; path = ImportAccountFromMnemonicViewController.swift; sourceTree = "<group>"; };
		EF7491482C35C4E400FF6AD9 /* CreateAccountViewController.swift */ = {isa = PBXFileReference; lastKnownFileType = sourcecode.swift; path = CreateAccountViewController.swift; sourceTree = "<group>"; };
		EF74914A2C35C4FF00FF6AD9 /* TransferViewController.swift */ = {isa = PBXFileReference; lastKnownFileType = sourcecode.swift; path = TransferViewController.swift; sourceTree = "<group>"; };
		EF74914C2C35C57900FF6AD9 /* ImportAccountFromPrivateKeyViewController.swift */ = {isa = PBXFileReference; lastKnownFileType = sourcecode.swift; path = ImportAccountFromPrivateKeyViewController.swift; sourceTree = "<group>"; };
		EF74914E2C35C5A600FF6AD9 /* FeeEstimateViewController.swift */ = {isa = PBXFileReference; lastKnownFileType = sourcecode.swift; path = FeeEstimateViewController.swift; sourceTree = "<group>"; };
		EF7491502C35C6F000FF6AD9 /* GetBalanceViewController.swift */ = {isa = PBXFileReference; lastKnownFileType = sourcecode.swift; path = GetBalanceViewController.swift; sourceTree = "<group>"; };
		FA11F7A152A40C2C681E5E7D /* Pods-BitcoinDemo.debug.xcconfig */ = {isa = PBXFileReference; includeInIndex = 1; lastKnownFileType = text.xcconfig; name = "Pods-BitcoinDemo.debug.xcconfig"; path = "Target Support Files/Pods-BitcoinDemo/Pods-BitcoinDemo.debug.xcconfig"; sourceTree = "<group>"; };
/* End PBXFileReference section */

/* Begin PBXFrameworksBuildPhase section */
		EF74912C2C35C36D00FF6AD9 /* Frameworks */ = {
			isa = PBXFrameworksBuildPhase;
			buildActionMask = 2147483647;
			files = (
				7DF1A4E8D4273A829B847620 /* libPods-BitcoinDemo.a in Frameworks */,
			);
			runOnlyForDeploymentPostprocessing = 0;
		};
/* End PBXFrameworksBuildPhase section */

/* Begin PBXGroup section */
		3A93F63EA27C7B1AC0966D85 /* Pods */ = {
			isa = PBXGroup;
			children = (
				FA11F7A152A40C2C681E5E7D /* Pods-BitcoinDemo.debug.xcconfig */,
				0430FBC98F7900EE610CD9BB /* Pods-BitcoinDemo.release.xcconfig */,
			);
			path = Pods;
			sourceTree = "<group>";
		};
		D677F9662770DC48EFFF95F8 /* Frameworks */ = {
			isa = PBXGroup;
			children = (
				679471D7D21AA01FA0F7073B /* libPods-BitcoinDemo.a */,
			);
			name = Frameworks;
			sourceTree = "<group>";
		};
		EF7491262C35C36D00FF6AD9 = {
			isa = PBXGroup;
			children = (
				EF7491312C35C36D00FF6AD9 /* BitcoinDemo */,
				EF7491302C35C36D00FF6AD9 /* Products */,
				3A93F63EA27C7B1AC0966D85 /* Pods */,
				D677F9662770DC48EFFF95F8 /* Frameworks */,
			);
			sourceTree = "<group>";
		};
		EF7491302C35C36D00FF6AD9 /* Products */ = {
			isa = PBXGroup;
			children = (
				EF74912F2C35C36D00FF6AD9 /* BitcoinDemo.app */,
			);
			name = Products;
			sourceTree = "<group>";
		};
		EF7491312C35C36D00FF6AD9 /* BitcoinDemo */ = {
			isa = PBXGroup;
			children = (
				EF7491322C35C36D00FF6AD9 /* AppDelegate.swift */,
				EF7491342C35C36D00FF6AD9 /* SceneDelegate.swift */,
				EF7491362C35C36D00FF6AD9 /* ViewController.swift */,
				EF7491482C35C4E400FF6AD9 /* CreateAccountViewController.swift */,
				EF7491462C35C47400FF6AD9 /* ImportAccountFromMnemonicViewController.swift */,
				EF74914C2C35C57900FF6AD9 /* ImportAccountFromPrivateKeyViewController.swift */,
				EF7491502C35C6F000FF6AD9 /* GetBalanceViewController.swift */,
				EF74914A2C35C4FF00FF6AD9 /* TransferViewController.swift */,
				EF74914E2C35C5A600FF6AD9 /* FeeEstimateViewController.swift */,
				EF7491382C35C36D00FF6AD9 /* Main.storyboard */,
				EF74913B2C35C36F00FF6AD9 /* Assets.xcassets */,
				EF74913D2C35C36F00FF6AD9 /* LaunchScreen.storyboard */,
				EF7491402C35C36F00FF6AD9 /* Info.plist */,
			);
			path = BitcoinDemo;
			sourceTree = "<group>";
		};
/* End PBXGroup section */

/* Begin PBXNativeTarget section */
		EF74912E2C35C36D00FF6AD9 /* BitcoinDemo */ = {
			isa = PBXNativeTarget;
			buildConfigurationList = EF7491432C35C36F00FF6AD9 /* Build configuration list for PBXNativeTarget "BitcoinDemo" */;
			buildPhases = (
				5758E00BA8F77FB9004B83D9 /* [CP] Check Pods Manifest.lock */,
				EF74912B2C35C36D00FF6AD9 /* Sources */,
				EF74912C2C35C36D00FF6AD9 /* Frameworks */,
				EF74912D2C35C36D00FF6AD9 /* Resources */,
			);
			buildRules = (
			);
			dependencies = (
			);
			name = BitcoinDemo;
			productName = BitcoinDemo;
			productReference = EF74912F2C35C36D00FF6AD9 /* BitcoinDemo.app */;
			productType = "com.apple.product-type.application";
		};
/* End PBXNativeTarget section */

/* Begin PBXProject section */
		EF7491272C35C36D00FF6AD9 /* Project object */ = {
			isa = PBXProject;
			attributes = {
				BuildIndependentTargetsInParallel = 1;
				LastSwiftUpdateCheck = 1430;
				LastUpgradeCheck = 1430;
				TargetAttributes = {
					EF74912E2C35C36D00FF6AD9 = {
						CreatedOnToolsVersion = 14.3.1;
					};
				};
			};
			buildConfigurationList = EF74912A2C35C36D00FF6AD9 /* Build configuration list for PBXProject "BitcoinDemo" */;
			compatibilityVersion = "Xcode 14.0";
			developmentRegion = en;
			hasScannedForEncodings = 0;
			knownRegions = (
				en,
				Base,
			);
			mainGroup = EF7491262C35C36D00FF6AD9;
			packageReferences = (
				EFEDABEC2C39851400881B60 /* XCRemoteSwiftPackageReference "Bitcoin" */,
			);
			productRefGroup = EF7491302C35C36D00FF6AD9 /* Products */;
			projectDirPath = "";
			projectRoot = "";
			targets = (
				EF74912E2C35C36D00FF6AD9 /* BitcoinDemo */,
			);
		};
/* End PBXProject section */

/* Begin PBXResourcesBuildPhase section */
		EF74912D2C35C36D00FF6AD9 /* Resources */ = {
			isa = PBXResourcesBuildPhase;
			buildActionMask = 2147483647;
			files = (
				EF74913F2C35C36F00FF6AD9 /* LaunchScreen.storyboard in Resources */,
				EF74913C2C35C36F00FF6AD9 /* Assets.xcassets in Resources */,
				EF74913A2C35C36D00FF6AD9 /* Main.storyboard in Resources */,
			);
			runOnlyForDeploymentPostprocessing = 0;
		};
/* End PBXResourcesBuildPhase section */

/* Begin PBXShellScriptBuildPhase section */
		5758E00BA8F77FB9004B83D9 /* [CP] Check Pods Manifest.lock */ = {
			isa = PBXShellScriptBuildPhase;
			buildActionMask = 2147483647;
			files = (
			);
			inputFileListPaths = (
			);
			inputPaths = (
				"${PODS_PODFILE_DIR_PATH}/Podfile.lock",
				"${PODS_ROOT}/Manifest.lock",
			);
			name = "[CP] Check Pods Manifest.lock";
			outputFileListPaths = (
			);
			outputPaths = (
				"$(DERIVED_FILE_DIR)/Pods-BitcoinDemo-checkManifestLockResult.txt",
			);
			runOnlyForDeploymentPostprocessing = 0;
			shellPath = /bin/sh;
			shellScript = "diff \"${PODS_PODFILE_DIR_PATH}/Podfile.lock\" \"${PODS_ROOT}/Manifest.lock\" > /dev/null\nif [ $? != 0 ] ; then\n    # print error to STDERR\n    echo \"error: The sandbox is not in sync with the Podfile.lock. Run 'pod install' or update your CocoaPods installation.\" >&2\n    exit 1\nfi\n# This output is used by Xcode 'outputs' to avoid re-running this script phase.\necho \"SUCCESS\" > \"${SCRIPT_OUTPUT_FILE_0}\"\n";
			showEnvVarsInLog = 0;
		};
/* End PBXShellScriptBuildPhase section */

/* Begin PBXSourcesBuildPhase section */
		EF74912B2C35C36D00FF6AD9 /* Sources */ = {
			isa = PBXSourcesBuildPhase;
			buildActionMask = 2147483647;
			files = (
				EF7491492C35C4E400FF6AD9 /* CreateAccountViewController.swift in Sources */,
				EF74914D2C35C57900FF6AD9 /* ImportAccountFromPrivateKeyViewController.swift in Sources */,
				EF7491512C35C6F000FF6AD9 /* GetBalanceViewController.swift in Sources */,
				EF74914B2C35C4FF00FF6AD9 /* TransferViewController.swift in Sources */,
				EF7491372C35C36D00FF6AD9 /* ViewController.swift in Sources */,
				EF7491472C35C47400FF6AD9 /* ImportAccountFromMnemonicViewController.swift in Sources */,
				EF74914F2C35C5A600FF6AD9 /* FeeEstimateViewController.swift in Sources */,
				EF7491332C35C36D00FF6AD9 /* AppDelegate.swift in Sources */,
				EF7491352C35C36D00FF6AD9 /* SceneDelegate.swift in Sources */,
			);
			runOnlyForDeploymentPostprocessing = 0;
		};
/* End PBXSourcesBuildPhase section */

/* Begin PBXVariantGroup section */
		EF7491382C35C36D00FF6AD9 /* Main.storyboard */ = {
			isa = PBXVariantGroup;
			children = (
				EF7491392C35C36D00FF6AD9 /* Base */,
			);
			name = Main.storyboard;
			sourceTree = "<group>";
		};
		EF74913D2C35C36F00FF6AD9 /* LaunchScreen.storyboard */ = {
			isa = PBXVariantGroup;
			children = (
				EF74913E2C35C36F00FF6AD9 /* Base */,
			);
			name = LaunchScreen.storyboard;
			sourceTree = "<group>";
		};
/* End PBXVariantGroup section */

/* Begin XCBuildConfiguration section */
		EF7491412C35C36F00FF6AD9 /* Debug */ = {
			isa = XCBuildConfiguration;
			buildSettings = {
				ALWAYS_SEARCH_USER_PATHS = NO;
				CLANG_ANALYZER_NONNULL = YES;
				CLANG_ANALYZER_NUMBER_OBJECT_CONVERSION = YES_AGGRESSIVE;
				CLANG_CXX_LANGUAGE_STANDARD = "gnu++20";
				CLANG_ENABLE_MODULES = YES;
				CLANG_ENABLE_OBJC_ARC = YES;
				CLANG_ENABLE_OBJC_WEAK = YES;
				CLANG_WARN_BLOCK_CAPTURE_AUTORELEASING = YES;
				CLANG_WARN_BOOL_CONVERSION = YES;
				CLANG_WARN_COMMA = YES;
				CLANG_WARN_CONSTANT_CONVERSION = YES;
				CLANG_WARN_DEPRECATED_OBJC_IMPLEMENTATIONS = YES;
				CLANG_WARN_DIRECT_OBJC_ISA_USAGE = YES_ERROR;
				CLANG_WARN_DOCUMENTATION_COMMENTS = YES;
				CLANG_WARN_EMPTY_BODY = YES;
				CLANG_WARN_ENUM_CONVERSION = YES;
				CLANG_WARN_INFINITE_RECURSION = YES;
				CLANG_WARN_INT_CONVERSION = YES;
				CLANG_WARN_NON_LITERAL_NULL_CONVERSION = YES;
				CLANG_WARN_OBJC_IMPLICIT_RETAIN_SELF = YES;
				CLANG_WARN_OBJC_LITERAL_CONVERSION = YES;
				CLANG_WARN_OBJC_ROOT_CLASS = YES_ERROR;
				CLANG_WARN_QUOTED_INCLUDE_IN_FRAMEWORK_HEADER = YES;
				CLANG_WARN_RANGE_LOOP_ANALYSIS = YES;
				CLANG_WARN_STRICT_PROTOTYPES = YES;
				CLANG_WARN_SUSPICIOUS_MOVE = YES;
				CLANG_WARN_UNGUARDED_AVAILABILITY = YES_AGGRESSIVE;
				CLANG_WARN_UNREACHABLE_CODE = YES;
				CLANG_WARN__DUPLICATE_METHOD_MATCH = YES;
				COPY_PHASE_STRIP = NO;
				DEBUG_INFORMATION_FORMAT = dwarf;
				ENABLE_STRICT_OBJC_MSGSEND = YES;
				ENABLE_TESTABILITY = YES;
				GCC_C_LANGUAGE_STANDARD = gnu11;
				GCC_DYNAMIC_NO_PIC = NO;
				GCC_NO_COMMON_BLOCKS = YES;
				GCC_OPTIMIZATION_LEVEL = 0;
				GCC_PREPROCESSOR_DEFINITIONS = (
					"DEBUG=1",
					"$(inherited)",
				);
				GCC_WARN_64_TO_32_BIT_CONVERSION = YES;
				GCC_WARN_ABOUT_RETURN_TYPE = YES_ERROR;
				GCC_WARN_UNDECLARED_SELECTOR = YES;
				GCC_WARN_UNINITIALIZED_AUTOS = YES_AGGRESSIVE;
				GCC_WARN_UNUSED_FUNCTION = YES;
				GCC_WARN_UNUSED_VARIABLE = YES;
				IPHONEOS_DEPLOYMENT_TARGET = 16.4;
				MTL_ENABLE_DEBUG_INFO = INCLUDE_SOURCE;
				MTL_FAST_MATH = YES;
				ONLY_ACTIVE_ARCH = YES;
				SDKROOT = iphoneos;
				SWIFT_ACTIVE_COMPILATION_CONDITIONS = DEBUG;
				SWIFT_OPTIMIZATION_LEVEL = "-Onone";
			};
			name = Debug;
		};
		EF7491422C35C36F00FF6AD9 /* Release */ = {
			isa = XCBuildConfiguration;
			buildSettings = {
				ALWAYS_SEARCH_USER_PATHS = NO;
				CLANG_ANALYZER_NONNULL = YES;
				CLANG_ANALYZER_NUMBER_OBJECT_CONVERSION = YES_AGGRESSIVE;
				CLANG_CXX_LANGUAGE_STANDARD = "gnu++20";
				CLANG_ENABLE_MODULES = YES;
				CLANG_ENABLE_OBJC_ARC = YES;
				CLANG_ENABLE_OBJC_WEAK = YES;
				CLANG_WARN_BLOCK_CAPTURE_AUTORELEASING = YES;
				CLANG_WARN_BOOL_CONVERSION = YES;
				CLANG_WARN_COMMA = YES;
				CLANG_WARN_CONSTANT_CONVERSION = YES;
				CLANG_WARN_DEPRECATED_OBJC_IMPLEMENTATIONS = YES;
				CLANG_WARN_DIRECT_OBJC_ISA_USAGE = YES_ERROR;
				CLANG_WARN_DOCUMENTATION_COMMENTS = YES;
				CLANG_WARN_EMPTY_BODY = YES;
				CLANG_WARN_ENUM_CONVERSION = YES;
				CLANG_WARN_INFINITE_RECURSION = YES;
				CLANG_WARN_INT_CONVERSION = YES;
				CLANG_WARN_NON_LITERAL_NULL_CONVERSION = YES;
				CLANG_WARN_OBJC_IMPLICIT_RETAIN_SELF = YES;
				CLANG_WARN_OBJC_LITERAL_CONVERSION = YES;
				CLANG_WARN_OBJC_ROOT_CLASS = YES_ERROR;
				CLANG_WARN_QUOTED_INCLUDE_IN_FRAMEWORK_HEADER = YES;
				CLANG_WARN_RANGE_LOOP_ANALYSIS = YES;
				CLANG_WARN_STRICT_PROTOTYPES = YES;
				CLANG_WARN_SUSPICIOUS_MOVE = YES;
				CLANG_WARN_UNGUARDED_AVAILABILITY = YES_AGGRESSIVE;
				CLANG_WARN_UNREACHABLE_CODE = YES;
				CLANG_WARN__DUPLICATE_METHOD_MATCH = YES;
				COPY_PHASE_STRIP = NO;
				DEBUG_INFORMATION_FORMAT = "dwarf-with-dsym";
				ENABLE_NS_ASSERTIONS = NO;
				ENABLE_STRICT_OBJC_MSGSEND = YES;
				GCC_C_LANGUAGE_STANDARD = gnu11;
				GCC_NO_COMMON_BLOCKS = YES;
				GCC_WARN_64_TO_32_BIT_CONVERSION = YES;
				GCC_WARN_ABOUT_RETURN_TYPE = YES_ERROR;
				GCC_WARN_UNDECLARED_SELECTOR = YES;
				GCC_WARN_UNINITIALIZED_AUTOS = YES_AGGRESSIVE;
				GCC_WARN_UNUSED_FUNCTION = YES;
				GCC_WARN_UNUSED_VARIABLE = YES;
				IPHONEOS_DEPLOYMENT_TARGET = 16.4;
				MTL_ENABLE_DEBUG_INFO = NO;
				MTL_FAST_MATH = YES;
				SDKROOT = iphoneos;
				SWIFT_COMPILATION_MODE = wholemodule;
				SWIFT_OPTIMIZATION_LEVEL = "-O";
				VALIDATE_PRODUCT = YES;
			};
			name = Release;
		};
		EF7491442C35C36F00FF6AD9 /* Debug */ = {
			isa = XCBuildConfiguration;
			baseConfigurationReference = FA11F7A152A40C2C681E5E7D /* Pods-BitcoinDemo.debug.xcconfig */;
			buildSettings = {
				ASSETCATALOG_COMPILER_APPICON_NAME = AppIcon;
				ASSETCATALOG_COMPILER_GLOBAL_ACCENT_COLOR_NAME = AccentColor;
				CODE_SIGN_STYLE = Automatic;
				CURRENT_PROJECT_VERSION = 1;
				GENERATE_INFOPLIST_FILE = YES;
				INFOPLIST_FILE = BitcoinDemo/Info.plist;
				INFOPLIST_KEY_UIApplicationSupportsIndirectInputEvents = YES;
				INFOPLIST_KEY_UILaunchStoryboardName = LaunchScreen;
				INFOPLIST_KEY_UIMainStoryboardFile = Main;
				INFOPLIST_KEY_UISupportedInterfaceOrientations_iPad = "UIInterfaceOrientationPortrait UIInterfaceOrientationPortraitUpsideDown UIInterfaceOrientationLandscapeLeft UIInterfaceOrientationLandscapeRight";
				INFOPLIST_KEY_UISupportedInterfaceOrientations_iPhone = "UIInterfaceOrientationPortrait UIInterfaceOrientationLandscapeLeft UIInterfaceOrientationLandscapeRight";
				LD_RUNPATH_SEARCH_PATHS = (
					"$(inherited)",
					"@executable_path/Frameworks",
				);
				MARKETING_VERSION = 1.0;
				PRODUCT_BUNDLE_IDENTIFIER = com.bitcoin.swift.BitcoinDemo;
				PRODUCT_NAME = "$(TARGET_NAME)";
				SWIFT_EMIT_LOC_STRINGS = YES;
				SWIFT_VERSION = 5.0;
				TARGETED_DEVICE_FAMILY = "1,2";
			};
			name = Debug;
		};
		EF7491452C35C36F00FF6AD9 /* Release */ = {
			isa = XCBuildConfiguration;
			baseConfigurationReference = 0430FBC98F7900EE610CD9BB /* Pods-BitcoinDemo.release.xcconfig */;
			buildSettings = {
				ASSETCATALOG_COMPILER_APPICON_NAME = AppIcon;
				ASSETCATALOG_COMPILER_GLOBAL_ACCENT_COLOR_NAME = AccentColor;
				CODE_SIGN_STYLE = Automatic;
				CURRENT_PROJECT_VERSION = 1;
				GENERATE_INFOPLIST_FILE = YES;
				INFOPLIST_FILE = BitcoinDemo/Info.plist;
				INFOPLIST_KEY_UIApplicationSupportsIndirectInputEvents = YES;
				INFOPLIST_KEY_UILaunchStoryboardName = LaunchScreen;
				INFOPLIST_KEY_UIMainStoryboardFile = Main;
				INFOPLIST_KEY_UISupportedInterfaceOrientations_iPad = "UIInterfaceOrientationPortrait UIInterfaceOrientationPortraitUpsideDown UIInterfaceOrientationLandscapeLeft UIInterfaceOrientationLandscapeRight";
				INFOPLIST_KEY_UISupportedInterfaceOrientations_iPhone = "UIInterfaceOrientationPortrait UIInterfaceOrientationLandscapeLeft UIInterfaceOrientationLandscapeRight";
				LD_RUNPATH_SEARCH_PATHS = (
					"$(inherited)",
					"@executable_path/Frameworks",
				);
				MARKETING_VERSION = 1.0;
				PRODUCT_BUNDLE_IDENTIFIER = com.bitcoin.swift.BitcoinDemo;
				PRODUCT_NAME = "$(TARGET_NAME)";
				SWIFT_EMIT_LOC_STRINGS = YES;
				SWIFT_VERSION = 5.0;
				TARGETED_DEVICE_FAMILY = "1,2";
			};
			name = Release;
		};
/* End XCBuildConfiguration section */

/* Begin XCConfigurationList section */
		EF74912A2C35C36D00FF6AD9 /* Build configuration list for PBXProject "BitcoinDemo" */ = {
			isa = XCConfigurationList;
			buildConfigurations = (
				EF7491412C35C36F00FF6AD9 /* Debug */,
				EF7491422C35C36F00FF6AD9 /* Release */,
			);
			defaultConfigurationIsVisible = 0;
			defaultConfigurationName = Release;
		};
		EF7491432C35C36F00FF6AD9 /* Build configuration list for PBXNativeTarget "BitcoinDemo" */ = {
			isa = XCConfigurationList;
			buildConfigurations = (
				EF7491442C35C36F00FF6AD9 /* Debug */,
				EF7491452C35C36F00FF6AD9 /* Release */,
			);
			defaultConfigurationIsVisible = 0;
			defaultConfigurationName = Release;
		};
/* End XCConfigurationList section */

/* Begin XCRemoteSwiftPackageReference section */
		EFEDABEC2C39851400881B60 /* XCRemoteSwiftPackageReference "Bitcoin" */ = {
			isa = XCRemoteSwiftPackageReference;
			repositoryURL = "https://github.com/Marcos-cmyk/Bitcoin.git";
			requirement = {
				kind = upToNextMajorVersion;
				minimumVersion = 1.0.3;
			};
		};
/* End XCRemoteSwiftPackageReference section */
	};
	rootObject = EF7491272C35C36D00FF6AD9 /* Project object */;
}
