{
  "originHash" : "5359423ac3efd5644040eecf1e48dcce317c72266cef902bdf5e0e827a93d4f2",
  "pins" : [
    {
      "identity" : "bitcoin",
      "kind" : "remoteSourceControl",
      "location" : "https://github.com/Marcos-cmyk/Bitcoin.git",
      "state" : {
        "revision" : "29b4aa6b8c601484d55af12bcc6536044429c081",
        "version" : "1.0.7"
      }
    }
  ],
  "version" : 3
}
