{
  "originHash" : "dd83d5c3ff483012da253cd87c19bfe8d8821ef55e3d27e6a52d3a4bd4d203ea",
  "pins" : [
    {
      "identity" : "bitcoin",
      "kind" : "remoteSourceControl",
      "location" : "https://github.com/Marcos-cmyk/Bitcoin.git",
      "state" : {
        "revision" : "29b4aa6b8c601484d55af12bcc6536044429c081",
        "version" : "1.0.7"
      }
    },
    {
      "identity" : "snapkit",
      "kind" : "remoteSourceControl",
      "location" : "https://github.com/SnapKit/SnapKit.git",
      "state" : {
        "revision" : "2842e6e84e82eb9a8dac0100ca90d9444b0307f4",
        "version" : "5.7.1"
      }
    }
  ],
  "version" : 3
}
