{
  "pins" : [
    {
      "identity" : "bitcoin",
      "kind" : "remoteSourceControl",
      "location" : "https://github.com/Marcos-cmyk/Bitcoin.git",
      "state" : {
        "revision" : "d0c0d5e8f95de5d9218f303134c329496eec2da9",
        "version" : "1.0.4"
      }
    }
  ],
  "version" : 2
}
