{
  "pins" : [
    {
      "identity" : "bitcoin",
      "kind" : "remoteSourceControl",
      "location" : "https://github.com/Marcos-cmyk/Bitcoin.git",
      "state" : {
        "revision" : "42f2eafb2e629c65908cc5181b7b7809b0660985",
        "version" : "1.0.6"
      }
    }
  ],
  "version" : 2
}
