{
  "originHash" : "1b893e2b6d71b933f5216228e0f1587c2054fa0b1c0459c42cc8eb30cd6ade67",
  "pins" : [
    {
      "identity" : "bitcoin",
      "kind" : "remoteSourceControl",
      "location" : "https://github.com/Marcos-cmyk/Bitcoin.git",
      "state" : {
        "revision" : "641af392f7df890cfe679a0a81b437cc0b95964c",
        "version" : "1.0.8"
      }
    },
    {
      "identity" : "snapkit",
      "kind" : "remoteSourceControl",
      "location" : "https://github.com/SnapKit/SnapKit.git",
      "state" : {
        "revision" : "2842e6e84e82eb9a8dac0100ca90d9444b0307f4",
        "version" : "5.7.1"
      }
    }
  ],
  "version" : 3
}
